
Microsoft Visual Studio Solution File, Format Version 12.00
# Visual Studio Version 16
VisualStudioVersion = 16.0.30104.148
MinimumVisualStudioVersion = 10.0.40219.1
Project("{FAE04EC0-301F-11D3-BF4B-00C04F79EFBC}") = "Frontend", "Frontend\Frontend.csproj", "{750C6D9C-D5CE-4107-82DC-91306A4E6F3D}"
EndProject
Global
	GlobalSection(SolutionConfigurationPlatforms) = preSolution
		Debug|Any CPU = Debug|Any CPU
		Release|Any CPU = Release|Any CPU
	EndGlobalSection
	GlobalSection(ProjectConfigurationPlatforms) = postSolution
		{750C6D9C-D5CE-4107-82DC-91306A4E6F3D}.Debug|Any CPU.ActiveCfg = Debug|Any CPU
		{750C6D9C-D5CE-4107-82DC-91306A4E6F3D}.Debug|Any CPU.Build.0 = Debug|Any CPU
		{750C6D9C-D5CE-4107-82DC-91306A4E6F3D}.Release|Any CPU.ActiveCfg = Release|Any CPU
		{750C6D9C-D5CE-4107-82DC-91306A4E6F3D}.Release|Any CPU.Build.0 = Release|Any CPU
	EndGlobalSection
	GlobalSection(SolutionProperties) = preSolution
		HideSolutionNode = FALSE
	EndGlobalSection
	GlobalSection(ExtensibilityGlobals) = postSolution
		SolutionGuid = {E4A9159B-7867-4A74-9D43-D8413459364A}
	EndGlobalSection
EndGlobal
